{
  "requires": true,
  "lockfileVersion": 1,
  "dependencies": {
    "henrykc-frame-print": {
      "version": "1.0.0",
      "resolved": "https://registry.npmjs.org/henrykc-frame-print/-/henrykc-frame-print-1.0.0.tgz",
      "integrity": "sha512-fSxYr8XromLVhQcXfRclf9oKgVUIe4kZXBZoU0kLmqcgSFAVruz1WNz2sb1iJ+lohmX6Rkmipy7goxyfGa7mzA=="
    }
  }
}
